
Microsoft Visual Studio Solution File, Format Version 12.00
# Visual Studio Version 16
VisualStudioVersion = 16.0.30128.74
MinimumVisualStudioVersion = 10.0.40219.1
Project("{FAE04EC0-301F-11D3-BF4B-00C04F79EFBC}") = "Animals", "Animals\Animals.csproj", "{77471B0E-DD1D-4D70-B962-9F5F504A8584}"
EndProject
Global
	GlobalSection(SolutionConfigurationPlatforms) = preSolution
		Debug|Any CPU = Debug|Any CPU
		Release|Any CPU = Release|Any CPU
	EndGlobalSection
	GlobalSection(ProjectConfigurationPlatforms) = postSolution
		{77471B0E-DD1D-4D70-B962-9F5F504A8584}.Debug|Any CPU.ActiveCfg = Debug|Any CPU
		{77471B0E-DD1D-4D70-B962-9F5F504A8584}.Debug|Any CPU.Build.0 = Debug|Any CPU
		{77471B0E-DD1D-4D70-B962-9F5F504A8584}.Release|Any CPU.ActiveCfg = Release|Any CPU
		{77471B0E-DD1D-4D70-B962-9F5F504A8584}.Release|Any CPU.Build.0 = Release|Any CPU
	EndGlobalSection
	GlobalSection(SolutionProperties) = preSolution
		HideSolutionNode = FALSE
	EndGlobalSection
	GlobalSection(ExtensibilityGlobals) = postSolution
		SolutionGuid = {B1D66237-CA90-4845-B363-CBFF4EA8717C}
	EndGlobalSection
EndGlobal
